// !$*UTF8*$!
{
	archiveVersion = 1;
	classes = {
	};
	objectVersion = 56;
	objects = {

/* Begin PBXBuildFile section */
		F585841B2CE7F5C1006D5DA8 /* LottieColorizerMacOSAppApp.swift in Sources */ = {isa = PBXBuildFile; fileRef = F585841A2CE7F5C1006D5DA8 /* LottieColorizerMacOSAppApp.swift */; };
		F585841D2CE7F5C1006D5DA8 /* ContentView.swift in Sources */ = {isa = PBXBuildFile; fileRef = F585841C2CE7F5C1006D5DA8 /* ContentView.swift */; };
		F585841F2CE7F5C2006D5DA8 /* Assets.xcassets in Resources */ = {isa = PBXBuildFile; fileRef = F585841E2CE7F5C2006D5DA8 /* Assets.xcassets */; };
		F58584222CE7F5C2006D5DA8 /* Preview Assets.xcassets in Resources */ = {isa = PBXBuildFile; fileRef = F58584212CE7F5C2006D5DA8 /* Preview Assets.xcassets */; };
		F585842D2CE7F5C2006D5DA8 /* LottieColorizerMacOSAppTests.swift in Sources */ = {isa = PBXBuildFile; fileRef = F585842C2CE7F5C2006D5DA8 /* LottieColorizerMacOSAppTests.swift */; };
		F58584372CE7F5C2006D5DA8 /* LottieColorizerMacOSAppUITests.swift in Sources */ = {isa = PBXBuildFile; fileRef = F58584362CE7F5C2006D5DA8 /* LottieColorizerMacOSAppUITests.swift */; };
		F58584392CE7F5C2006D5DA8 /* LottieColorizerMacOSAppUITestsLaunchTests.swift in Sources */ = {isa = PBXBuildFile; fileRef = F58584382CE7F5C2006D5DA8 /* LottieColorizerMacOSAppUITestsLaunchTests.swift */; };
/* End PBXBuildFile section */

/* Begin PBXContainerItemProxy section */
		F58584292CE7F5C2006D5DA8 /* PBXContainerItemProxy */ = {
			isa = PBXContainerItemProxy;
			containerPortal = F585840F2CE7F5C1006D5DA8 /* Project object */;
			proxyType = 1;
			remoteGlobalIDString = F58584162CE7F5C1006D5DA8;
			remoteInfo = LottieColorizerMacOSApp;
		};
		F58584332CE7F5C2006D5DA8 /* PBXContainerItemProxy */ = {
			isa = PBXContainerItemProxy;
			containerPortal = F585840F2CE7F5C1006D5DA8 /* Project object */;
			proxyType = 1;
			remoteGlobalIDString = F58584162CE7F5C1006D5DA8;
			remoteInfo = LottieColorizerMacOSApp;
		};
/* End PBXContainerItemProxy section */

/* Begin PBXFileReference section */
		F58584172CE7F5C1006D5DA8 /* LottieColorizerMacOSApp.app */ = {isa = PBXFileReference; explicitFileType = wrapper.application; includeInIndex = 0; path = LottieColorizerMacOSApp.app; sourceTree = BUILT_PRODUCTS_DIR; };
		F585841A2CE7F5C1006D5DA8 /* LottieColorizerMacOSAppApp.swift */ = {isa = PBXFileReference; lastKnownFileType = sourcecode.swift; path = LottieColorizerMacOSAppApp.swift; sourceTree = "<group>"; };
		F585841C2CE7F5C1006D5DA8 /* ContentView.swift */ = {isa = PBXFileReference; lastKnownFileType = sourcecode.swift; path = ContentView.swift; sourceTree = "<group>"; };
		F585841E2CE7F5C2006D5DA8 /* Assets.xcassets */ = {isa = PBXFileReference; lastKnownFileType = folder.assetcatalog; path = Assets.xcassets; sourceTree = "<group>"; };
		F58584212CE7F5C2006D5DA8 /* Preview Assets.xcassets */ = {isa = PBXFileReference; lastKnownFileType = folder.assetcatalog; path = "Preview Assets.xcassets"; sourceTree = "<group>"; };
		F58584232CE7F5C2006D5DA8 /* LottieColorizerMacOSApp.entitlements */ = {isa = PBXFileReference; lastKnownFileType = text.plist.entitlements; path = LottieColorizerMacOSApp.entitlements; sourceTree = "<group>"; };
		F58584282CE7F5C2006D5DA8 /* LottieColorizerMacOSAppTests.xctest */ = {isa = PBXFileReference; explicitFileType = wrapper.cfbundle; includeInIndex = 0; path = LottieColorizerMacOSAppTests.xctest; sourceTree = BUILT_PRODUCTS_DIR; };
		F585842C2CE7F5C2006D5DA8 /* LottieColorizerMacOSAppTests.swift */ = {isa = PBXFileReference; lastKnownFileType = sourcecode.swift; path = LottieColorizerMacOSAppTests.swift; sourceTree = "<group>"; };
		F58584322CE7F5C2006D5DA8 /* LottieColorizerMacOSAppUITests.xctest */ = {isa = PBXFileReference; explicitFileType = wrapper.cfbundle; includeInIndex = 0; path = LottieColorizerMacOSAppUITests.xctest; sourceTree = BUILT_PRODUCTS_DIR; };
		F58584362CE7F5C2006D5DA8 /* LottieColorizerMacOSAppUITests.swift */ = {isa = PBXFileReference; lastKnownFileType = sourcecode.swift; path = LottieColorizerMacOSAppUITests.swift; sourceTree = "<group>"; };
		F58584382CE7F5C2006D5DA8 /* LottieColorizerMacOSAppUITestsLaunchTests.swift */ = {isa = PBXFileReference; lastKnownFileType = sourcecode.swift; path = LottieColorizerMacOSAppUITestsLaunchTests.swift; sourceTree = "<group>"; };
/* End PBXFileReference section */

/* Begin PBXFrameworksBuildPhase section */
		F58584142CE7F5C1006D5DA8 /* Frameworks */ = {
			isa = PBXFrameworksBuildPhase;
			buildActionMask = 2147483647;
			files = (
			);
			runOnlyForDeploymentPostprocessing = 0;
		};
		F58584252CE7F5C2006D5DA8 /* Frameworks */ = {
			isa = PBXFrameworksBuildPhase;
			buildActionMask = 2147483647;
			files = (
			);
			runOnlyForDeploymentPostprocessing = 0;
		};
		F585842F2CE7F5C2006D5DA8 /* Frameworks */ = {
			isa = PBXFrameworksBuildPhase;
			buildActionMask = 2147483647;
			files = (
			);
			runOnlyForDeploymentPostprocessing = 0;
		};
/* End PBXFrameworksBuildPhase section */

/* Begin PBXGroup section */
		F585840E2CE7F5C1006D5DA8 = {
			isa = PBXGroup;
			children = (
				F58584192CE7F5C1006D5DA8 /* LottieColorizerMacOSApp */,
				F585842B2CE7F5C2006D5DA8 /* LottieColorizerMacOSAppTests */,
				F58584352CE7F5C2006D5DA8 /* LottieColorizerMacOSAppUITests */,
				F58584182CE7F5C1006D5DA8 /* Products */,
			);
			sourceTree = "<group>";
		};
		F58584182CE7F5C1006D5DA8 /* Products */ = {
			isa = PBXGroup;
			children = (
				F58584172CE7F5C1006D5DA8 /* LottieColorizerMacOSApp.app */,
				F58584282CE7F5C2006D5DA8 /* LottieColorizerMacOSAppTests.xctest */,
				F58584322CE7F5C2006D5DA8 /* LottieColorizerMacOSAppUITests.xctest */,
			);
			name = Products;
			sourceTree = "<group>";
		};
		F58584192CE7F5C1006D5DA8 /* LottieColorizerMacOSApp */ = {
			isa = PBXGroup;
			children = (
				F585841A2CE7F5C1006D5DA8 /* LottieColorizerMacOSAppApp.swift */,
				F585841C2CE7F5C1006D5DA8 /* ContentView.swift */,
				F585841E2CE7F5C2006D5DA8 /* Assets.xcassets */,
				F58584232CE7F5C2006D5DA8 /* LottieColorizerMacOSApp.entitlements */,
				F58584202CE7F5C2006D5DA8 /* Preview Content */,
			);
			path = LottieColorizerMacOSApp;
			sourceTree = "<group>";
		};
		F58584202CE7F5C2006D5DA8 /* Preview Content */ = {
			isa = PBXGroup;
			children = (
				F58584212CE7F5C2006D5DA8 /* Preview Assets.xcassets */,
			);
			path = "Preview Content";
			sourceTree = "<group>";
		};
		F585842B2CE7F5C2006D5DA8 /* LottieColorizerMacOSAppTests */ = {
			isa = PBXGroup;
			children = (
				F585842C2CE7F5C2006D5DA8 /* LottieColorizerMacOSAppTests.swift */,
			);
			path = LottieColorizerMacOSAppTests;
			sourceTree = "<group>";
		};
		F58584352CE7F5C2006D5DA8 /* LottieColorizerMacOSAppUITests */ = {
			isa = PBXGroup;
			children = (
				F58584362CE7F5C2006D5DA8 /* LottieColorizerMacOSAppUITests.swift */,
				F58584382CE7F5C2006D5DA8 /* LottieColorizerMacOSAppUITestsLaunchTests.swift */,
			);
			path = LottieColorizerMacOSAppUITests;
			sourceTree = "<group>";
		};
/* End PBXGroup section */

/* Begin PBXNativeTarget section */
		F58584162CE7F5C1006D5DA8 /* LottieColorizerMacOSApp */ = {
			isa = PBXNativeTarget;
			buildConfigurationList = F585843C2CE7F5C2006D5DA8 /* Build configuration list for PBXNativeTarget "LottieColorizerMacOSApp" */;
			buildPhases = (
				F58584132CE7F5C1006D5DA8 /* Sources */,
				F58584142CE7F5C1006D5DA8 /* Frameworks */,
				F58584152CE7F5C1006D5DA8 /* Resources */,
			);
			buildRules = (
			);
			dependencies = (
			);
			name = LottieColorizerMacOSApp;
			productName = LottieColorizerMacOSApp;
			productReference = F58584172CE7F5C1006D5DA8 /* LottieColorizerMacOSApp.app */;
			productType = "com.apple.product-type.application";
		};
		F58584272CE7F5C2006D5DA8 /* LottieColorizerMacOSAppTests */ = {
			isa = PBXNativeTarget;
			buildConfigurationList = F585843F2CE7F5C2006D5DA8 /* Build configuration list for PBXNativeTarget "LottieColorizerMacOSAppTests" */;
			buildPhases = (
				F58584242CE7F5C2006D5DA8 /* Sources */,
				F58584252CE7F5C2006D5DA8 /* Frameworks */,
				F58584262CE7F5C2006D5DA8 /* Resources */,
			);
			buildRules = (
			);
			dependencies = (
				F585842A2CE7F5C2006D5DA8 /* PBXTargetDependency */,
			);
			name = LottieColorizerMacOSAppTests;
			productName = LottieColorizerMacOSAppTests;
			productReference = F58584282CE7F5C2006D5DA8 /* LottieColorizerMacOSAppTests.xctest */;
			productType = "com.apple.product-type.bundle.unit-test";
		};
		F58584312CE7F5C2006D5DA8 /* LottieColorizerMacOSAppUITests */ = {
			isa = PBXNativeTarget;
			buildConfigurationList = F58584422CE7F5C2006D5DA8 /* Build configuration list for PBXNativeTarget "LottieColorizerMacOSAppUITests" */;
			buildPhases = (
				F585842E2CE7F5C2006D5DA8 /* Sources */,
				F585842F2CE7F5C2006D5DA8 /* Frameworks */,
				F58584302CE7F5C2006D5DA8 /* Resources */,
			);
			buildRules = (
			);
			dependencies = (
				F58584342CE7F5C2006D5DA8 /* PBXTargetDependency */,
			);
			name = LottieColorizerMacOSAppUITests;
			productName = LottieColorizerMacOSAppUITests;
			productReference = F58584322CE7F5C2006D5DA8 /* LottieColorizerMacOSAppUITests.xctest */;
			productType = "com.apple.product-type.bundle.ui-testing";
		};
/* End PBXNativeTarget section */

/* Begin PBXProject section */
		F585840F2CE7F5C1006D5DA8 /* Project object */ = {
			isa = PBXProject;
			attributes = {
				BuildIndependentTargetsInParallel = 1;
				LastSwiftUpdateCheck = 1540;
				LastUpgradeCheck = 1540;
				TargetAttributes = {
					F58584162CE7F5C1006D5DA8 = {
						CreatedOnToolsVersion = 15.4;
					};
					F58584272CE7F5C2006D5DA8 = {
						CreatedOnToolsVersion = 15.4;
						TestTargetID = F58584162CE7F5C1006D5DA8;
					};
					F58584312CE7F5C2006D5DA8 = {
						CreatedOnToolsVersion = 15.4;
						TestTargetID = F58584162CE7F5C1006D5DA8;
					};
				};
			};
			buildConfigurationList = F58584122CE7F5C1006D5DA8 /* Build configuration list for PBXProject "LottieColorizerMacOSApp" */;
			compatibilityVersion = "Xcode 14.0";
			developmentRegion = en;
			hasScannedForEncodings = 0;
			knownRegions = (
				en,
				Base,
			);
			mainGroup = F585840E2CE7F5C1006D5DA8;
			productRefGroup = F58584182CE7F5C1006D5DA8 /* Products */;
			projectDirPath = "";
			projectRoot = "";
			targets = (
				F58584162CE7F5C1006D5DA8 /* LottieColorizerMacOSApp */,
				F58584272CE7F5C2006D5DA8 /* LottieColorizerMacOSAppTests */,
				F58584312CE7F5C2006D5DA8 /* LottieColorizerMacOSAppUITests */,
			);
		};
/* End PBXProject section */

/* Begin PBXResourcesBuildPhase section */
		F58584152CE7F5C1006D5DA8 /* Resources */ = {
			isa = PBXResourcesBuildPhase;
			buildActionMask = 2147483647;
			files = (
				F58584222CE7F5C2006D5DA8 /* Preview Assets.xcassets in Resources */,
				F585841F2CE7F5C2006D5DA8 /* Assets.xcassets in Resources */,
			);
			runOnlyForDeploymentPostprocessing = 0;
		};
		F58584262CE7F5C2006D5DA8 /* Resources */ = {
			isa = PBXResourcesBuildPhase;
			buildActionMask = 2147483647;
			files = (
			);
			runOnlyForDeploymentPostprocessing = 0;
		};
		F58584302CE7F5C2006D5DA8 /* Resources */ = {
			isa = PBXResourcesBuildPhase;
			buildActionMask = 2147483647;
			files = (
			);
			runOnlyForDeploymentPostprocessing = 0;
		};
/* End PBXResourcesBuildPhase section */

/* Begin PBXSourcesBuildPhase section */
		F58584132CE7F5C1006D5DA8 /* Sources */ = {
			isa = PBXSourcesBuildPhase;
			buildActionMask = 2147483647;
			files = (
				F585841D2CE7F5C1006D5DA8 /* ContentView.swift in Sources */,
				F585841B2CE7F5C1006D5DA8 /* LottieColorizerMacOSAppApp.swift in Sources */,
			);
			runOnlyForDeploymentPostprocessing = 0;
		};
		F58584242CE7F5C2006D5DA8 /* Sources */ = {
			isa = PBXSourcesBuildPhase;
			buildActionMask = 2147483647;
			files = (
				F585842D2CE7F5C2006D5DA8 /* LottieColorizerMacOSAppTests.swift in Sources */,
			);
			runOnlyForDeploymentPostprocessing = 0;
		};
		F585842E2CE7F5C2006D5DA8 /* Sources */ = {
			isa = PBXSourcesBuildPhase;
			buildActionMask = 2147483647;
			files = (
				F58584372CE7F5C2006D5DA8 /* LottieColorizerMacOSAppUITests.swift in Sources */,
				F58584392CE7F5C2006D5DA8 /* LottieColorizerMacOSAppUITestsLaunchTests.swift in Sources */,
			);
			runOnlyForDeploymentPostprocessing = 0;
		};
/* End PBXSourcesBuildPhase section */

/* Begin PBXTargetDependency section */
		F585842A2CE7F5C2006D5DA8 /* PBXTargetDependency */ = {
			isa = PBXTargetDependency;
			target = F58584162CE7F5C1006D5DA8 /* LottieColorizerMacOSApp */;
			targetProxy = F58584292CE7F5C2006D5DA8 /* PBXContainerItemProxy */;
		};
		F58584342CE7F5C2006D5DA8 /* PBXTargetDependency */ = {
			isa = PBXTargetDependency;
			target = F58584162CE7F5C1006D5DA8 /* LottieColorizerMacOSApp */;
			targetProxy = F58584332CE7F5C2006D5DA8 /* PBXContainerItemProxy */;
		};
/* End PBXTargetDependency section */

/* Begin XCBuildConfiguration section */
		F585843A2CE7F5C2006D5DA8 /* Debug */ = {
			isa = XCBuildConfiguration;
			buildSettings = {
				ALWAYS_SEARCH_USER_PATHS = NO;
				ASSETCATALOG_COMPILER_GENERATE_SWIFT_ASSET_SYMBOL_EXTENSIONS = YES;
				CLANG_ANALYZER_NONNULL = YES;
				CLANG_ANALYZER_NUMBER_OBJECT_CONVERSION = YES_AGGRESSIVE;
				CLANG_CXX_LANGUAGE_STANDARD = "gnu++20";
				CLANG_ENABLE_MODULES = YES;
				CLANG_ENABLE_OBJC_ARC = YES;
				CLANG_ENABLE_OBJC_WEAK = YES;
				CLANG_WARN_BLOCK_CAPTURE_AUTORELEASING = YES;
				CLANG_WARN_BOOL_CONVERSION = YES;
				CLANG_WARN_COMMA = YES;
				CLANG_WARN_CONSTANT_CONVERSION = YES;
				CLANG_WARN_DEPRECATED_OBJC_IMPLEMENTATIONS = YES;
				CLANG_WARN_DIRECT_OBJC_ISA_USAGE = YES_ERROR;
				CLANG_WARN_DOCUMENTATION_COMMENTS = YES;
				CLANG_WARN_EMPTY_BODY = YES;
				CLANG_WARN_ENUM_CONVERSION = YES;
				CLANG_WARN_INFINITE_RECURSION = YES;
				CLANG_WARN_INT_CONVERSION = YES;
				CLANG_WARN_NON_LITERAL_NULL_CONVERSION = YES;
				CLANG_WARN_OBJC_IMPLICIT_RETAIN_SELF = YES;
				CLANG_WARN_OBJC_LITERAL_CONVERSION = YES;
				CLANG_WARN_OBJC_ROOT_CLASS = YES_ERROR;
				CLANG_WARN_QUOTED_INCLUDE_IN_FRAMEWORK_HEADER = YES;
				CLANG_WARN_RANGE_LOOP_ANALYSIS = YES;
				CLANG_WARN_STRICT_PROTOTYPES = YES;
				CLANG_WARN_SUSPICIOUS_MOVE = YES;
				CLANG_WARN_UNGUARDED_AVAILABILITY = YES_AGGRESSIVE;
				CLANG_WARN_UNREACHABLE_CODE = YES;
				CLANG_WARN__DUPLICATE_METHOD_MATCH = YES;
				COPY_PHASE_STRIP = NO;
				DEBUG_INFORMATION_FORMAT = dwarf;
				ENABLE_STRICT_OBJC_MSGSEND = YES;
				ENABLE_TESTABILITY = YES;
				ENABLE_USER_SCRIPT_SANDBOXING = YES;
				GCC_C_LANGUAGE_STANDARD = gnu17;
				GCC_DYNAMIC_NO_PIC = NO;
				GCC_NO_COMMON_BLOCKS = YES;
				GCC_OPTIMIZATION_LEVEL = 0;
				GCC_PREPROCESSOR_DEFINITIONS = (
					"DEBUG=1",
					"$(inherited)",
				);
				GCC_WARN_64_TO_32_BIT_CONVERSION = YES;
				GCC_WARN_ABOUT_RETURN_TYPE = YES_ERROR;
				GCC_WARN_UNDECLARED_SELECTOR = YES;
				GCC_WARN_UNINITIALIZED_AUTOS = YES_AGGRESSIVE;
				GCC_WARN_UNUSED_FUNCTION = YES;
				GCC_WARN_UNUSED_VARIABLE = YES;
				LOCALIZATION_PREFERS_STRING_CATALOGS = YES;
				MACOSX_DEPLOYMENT_TARGET = 14.5;
				MTL_ENABLE_DEBUG_INFO = INCLUDE_SOURCE;
				MTL_FAST_MATH = YES;
				ONLY_ACTIVE_ARCH = YES;
				SDKROOT = macosx;
				SWIFT_ACTIVE_COMPILATION_CONDITIONS = "DEBUG $(inherited)";
				SWIFT_OPTIMIZATION_LEVEL = "-Onone";
			};
			name = Debug;
		};
		F585843B2CE7F5C2006D5DA8 /* Release */ = {
			isa = XCBuildConfiguration;
			buildSettings = {
				ALWAYS_SEARCH_USER_PATHS = NO;
				ASSETCATALOG_COMPILER_GENERATE_SWIFT_ASSET_SYMBOL_EXTENSIONS = YES;
				CLANG_ANALYZER_NONNULL = YES;
				CLANG_ANALYZER_NUMBER_OBJECT_CONVERSION = YES_AGGRESSIVE;
				CLANG_CXX_LANGUAGE_STANDARD = "gnu++20";
				CLANG_ENABLE_MODULES = YES;
				CLANG_ENABLE_OBJC_ARC = YES;
				CLANG_ENABLE_OBJC_WEAK = YES;
				CLANG_WARN_BLOCK_CAPTURE_AUTORELEASING = YES;
				CLANG_WARN_BOOL_CONVERSION = YES;
				CLANG_WARN_COMMA = YES;
				CLANG_WARN_CONSTANT_CONVERSION = YES;
				CLANG_WARN_DEPRECATED_OBJC_IMPLEMENTATIONS = YES;
				CLANG_WARN_DIRECT_OBJC_ISA_USAGE = YES_ERROR;
				CLANG_WARN_DOCUMENTATION_COMMENTS = YES;
				CLANG_WARN_EMPTY_BODY = YES;
				CLANG_WARN_ENUM_CONVERSION = YES;
				CLANG_WARN_INFINITE_RECURSION = YES;
				CLANG_WARN_INT_CONVERSION = YES;
				CLANG_WARN_NON_LITERAL_NULL_CONVERSION = YES;
				CLANG_WARN_OBJC_IMPLICIT_RETAIN_SELF = YES;
				CLANG_WARN_OBJC_LITERAL_CONVERSION = YES;
				CLANG_WARN_OBJC_ROOT_CLASS = YES_ERROR;
				CLANG_WARN_QUOTED_INCLUDE_IN_FRAMEWORK_HEADER = YES;
				CLANG_WARN_RANGE_LOOP_ANALYSIS = YES;
				CLANG_WARN_STRICT_PROTOTYPES = YES;
				CLANG_WARN_SUSPICIOUS_MOVE = YES;
				CLANG_WARN_UNGUARDED_AVAILABILITY = YES_AGGRESSIVE;
				CLANG_WARN_UNREACHABLE_CODE = YES;
				CLANG_WARN__DUPLICATE_METHOD_MATCH = YES;
				COPY_PHASE_STRIP = NO;
				DEBUG_INFORMATION_FORMAT = "dwarf-with-dsym";
				ENABLE_NS_ASSERTIONS = NO;
				ENABLE_STRICT_OBJC_MSGSEND = YES;
				ENABLE_USER_SCRIPT_SANDBOXING = YES;
				GCC_C_LANGUAGE_STANDARD = gnu17;
				GCC_NO_COMMON_BLOCKS = YES;
				GCC_WARN_64_TO_32_BIT_CONVERSION = YES;
				GCC_WARN_ABOUT_RETURN_TYPE = YES_ERROR;
				GCC_WARN_UNDECLARED_SELECTOR = YES;
				GCC_WARN_UNINITIALIZED_AUTOS = YES_AGGRESSIVE;
				GCC_WARN_UNUSED_FUNCTION = YES;
				GCC_WARN_UNUSED_VARIABLE = YES;
				LOCALIZATION_PREFERS_STRING_CATALOGS = YES;
				MACOSX_DEPLOYMENT_TARGET = 14.5;
				MTL_ENABLE_DEBUG_INFO = NO;
				MTL_FAST_MATH = YES;
				SDKROOT = macosx;
				SWIFT_COMPILATION_MODE = wholemodule;
			};
			name = Release;
		};
		F585843D2CE7F5C2006D5DA8 /* Debug */ = {
			isa = XCBuildConfiguration;
			buildSettings = {
				ASSETCATALOG_COMPILER_APPICON_NAME = AppIcon;
				ASSETCATALOG_COMPILER_GLOBAL_ACCENT_COLOR_NAME = AccentColor;
				CODE_SIGN_ENTITLEMENTS = LottieColorizerMacOSApp/LottieColorizerMacOSApp.entitlements;
				CODE_SIGN_STYLE = Automatic;
				COMBINE_HIDPI_IMAGES = YES;
				CURRENT_PROJECT_VERSION = 1;
				DEVELOPMENT_ASSET_PATHS = "\"LottieColorizerMacOSApp/Preview Content\"";
				DEVELOPMENT_TEAM = B62BK8CK4M;
				ENABLE_HARDENED_RUNTIME = YES;
				ENABLE_PREVIEWS = YES;
				GENERATE_INFOPLIST_FILE = YES;
				INFOPLIST_KEY_NSHumanReadableCopyright = "";
				LD_RUNPATH_SEARCH_PATHS = (
					"$(inherited)",
					"@executable_path/../Frameworks",
				);
				MARKETING_VERSION = 1.0;
				PRODUCT_BUNDLE_IDENTIFIER = com.deliveryhero.LottieColorizerMacOSApp;
				PRODUCT_NAME = "$(TARGET_NAME)";
				SWIFT_EMIT_LOC_STRINGS = YES;
				SWIFT_VERSION = 5.0;
			};
			name = Debug;
		};
		F585843E2CE7F5C2006D5DA8 /* Release */ = {
			isa = XCBuildConfiguration;
			buildSettings = {
				ASSETCATALOG_COMPILER_APPICON_NAME = AppIcon;
				ASSETCATALOG_COMPILER_GLOBAL_ACCENT_COLOR_NAME = AccentColor;
				CODE_SIGN_ENTITLEMENTS = LottieColorizerMacOSApp/LottieColorizerMacOSApp.entitlements;
				CODE_SIGN_STYLE = Automatic;
				COMBINE_HIDPI_IMAGES = YES;
				CURRENT_PROJECT_VERSION = 1;
				DEVELOPMENT_ASSET_PATHS = "\"LottieColorizerMacOSApp/Preview Content\"";
				DEVELOPMENT_TEAM = B62BK8CK4M;
				ENABLE_HARDENED_RUNTIME = YES;
				ENABLE_PREVIEWS = YES;
				GENERATE_INFOPLIST_FILE = YES;
				INFOPLIST_KEY_NSHumanReadableCopyright = "";
				LD_RUNPATH_SEARCH_PATHS = (
					"$(inherited)",
					"@executable_path/../Frameworks",
				);
				MARKETING_VERSION = 1.0;
				PRODUCT_BUNDLE_IDENTIFIER = com.deliveryhero.LottieColorizerMacOSApp;
				PRODUCT_NAME = "$(TARGET_NAME)";
				SWIFT_EMIT_LOC_STRINGS = YES;
				SWIFT_VERSION = 5.0;
			};
			name = Release;
		};
		F58584402CE7F5C2006D5DA8 /* Debug */ = {
			isa = XCBuildConfiguration;
			buildSettings = {
				ALWAYS_EMBED_SWIFT_STANDARD_LIBRARIES = YES;
				BUNDLE_LOADER = "$(TEST_HOST)";
				CODE_SIGN_STYLE = Automatic;
				CURRENT_PROJECT_VERSION = 1;
				DEVELOPMENT_TEAM = B62BK8CK4M;
				GENERATE_INFOPLIST_FILE = YES;
				MACOSX_DEPLOYMENT_TARGET = 14.5;
				MARKETING_VERSION = 1.0;
				PRODUCT_BUNDLE_IDENTIFIER = com.deliveryhero.LottieColorizerMacOSAppTests;
				PRODUCT_NAME = "$(TARGET_NAME)";
				SWIFT_EMIT_LOC_STRINGS = NO;
				SWIFT_VERSION = 5.0;
				TEST_HOST = "$(BUILT_PRODUCTS_DIR)/LottieColorizerMacOSApp.app/$(BUNDLE_EXECUTABLE_FOLDER_PATH)/LottieColorizerMacOSApp";
			};
			name = Debug;
		};
		F58584412CE7F5C2006D5DA8 /* Release */ = {
			isa = XCBuildConfiguration;
			buildSettings = {
				ALWAYS_EMBED_SWIFT_STANDARD_LIBRARIES = YES;
				BUNDLE_LOADER = "$(TEST_HOST)";
				CODE_SIGN_STYLE = Automatic;
				CURRENT_PROJECT_VERSION = 1;
				DEVELOPMENT_TEAM = B62BK8CK4M;
				GENERATE_INFOPLIST_FILE = YES;
				MACOSX_DEPLOYMENT_TARGET = 14.5;
				MARKETING_VERSION = 1.0;
				PRODUCT_BUNDLE_IDENTIFIER = com.deliveryhero.LottieColorizerMacOSAppTests;
				PRODUCT_NAME = "$(TARGET_NAME)";
				SWIFT_EMIT_LOC_STRINGS = NO;
				SWIFT_VERSION = 5.0;
				TEST_HOST = "$(BUILT_PRODUCTS_DIR)/LottieColorizerMacOSApp.app/$(BUNDLE_EXECUTABLE_FOLDER_PATH)/LottieColorizerMacOSApp";
			};
			name = Release;
		};
		F58584432CE7F5C2006D5DA8 /* Debug */ = {
			isa = XCBuildConfiguration;
			buildSettings = {
				ALWAYS_EMBED_SWIFT_STANDARD_LIBRARIES = YES;
				CODE_SIGN_STYLE = Automatic;
				CURRENT_PROJECT_VERSION = 1;
				DEVELOPMENT_TEAM = B62BK8CK4M;
				GENERATE_INFOPLIST_FILE = YES;
				MARKETING_VERSION = 1.0;
				PRODUCT_BUNDLE_IDENTIFIER = com.deliveryhero.LottieColorizerMacOSAppUITests;
				PRODUCT_NAME = "$(TARGET_NAME)";
				SWIFT_EMIT_LOC_STRINGS = NO;
				SWIFT_VERSION = 5.0;
				TEST_TARGET_NAME = LottieColorizerMacOSApp;
			};
			name = Debug;
		};
		F58584442CE7F5C2006D5DA8 /* Release */ = {
			isa = XCBuildConfiguration;
			buildSettings = {
				ALWAYS_EMBED_SWIFT_STANDARD_LIBRARIES = YES;
				CODE_SIGN_STYLE = Automatic;
				CURRENT_PROJECT_VERSION = 1;
				DEVELOPMENT_TEAM = B62BK8CK4M;
				GENERATE_INFOPLIST_FILE = YES;
				MARKETING_VERSION = 1.0;
				PRODUCT_BUNDLE_IDENTIFIER = com.deliveryhero.LottieColorizerMacOSAppUITests;
				PRODUCT_NAME = "$(TARGET_NAME)";
				SWIFT_EMIT_LOC_STRINGS = NO;
				SWIFT_VERSION = 5.0;
				TEST_TARGET_NAME = LottieColorizerMacOSApp;
			};
			name = Release;
		};
/* End XCBuildConfiguration section */

/* Begin XCConfigurationList section */
		F58584122CE7F5C1006D5DA8 /* Build configuration list for PBXProject "LottieColorizerMacOSApp" */ = {
			isa = XCConfigurationList;
			buildConfigurations = (
				F585843A2CE7F5C2006D5DA8 /* Debug */,
				F585843B2CE7F5C2006D5DA8 /* Release */,
			);
			defaultConfigurationIsVisible = 0;
			defaultConfigurationName = Release;
		};
		F585843C2CE7F5C2006D5DA8 /* Build configuration list for PBXNativeTarget "LottieColorizerMacOSApp" */ = {
			isa = XCConfigurationList;
			buildConfigurations = (
				F585843D2CE7F5C2006D5DA8 /* Debug */,
				F585843E2CE7F5C2006D5DA8 /* Release */,
			);
			defaultConfigurationIsVisible = 0;
			defaultConfigurationName = Release;
		};
		F585843F2CE7F5C2006D5DA8 /* Build configuration list for PBXNativeTarget "LottieColorizerMacOSAppTests" */ = {
			isa = XCConfigurationList;
			buildConfigurations = (
				F58584402CE7F5C2006D5DA8 /* Debug */,
				F58584412CE7F5C2006D5DA8 /* Release */,
			);
			defaultConfigurationIsVisible = 0;
			defaultConfigurationName = Release;
		};
		F58584422CE7F5C2006D5DA8 /* Build configuration list for PBXNativeTarget "LottieColorizerMacOSAppUITests" */ = {
			isa = XCConfigurationList;
			buildConfigurations = (
				F58584432CE7F5C2006D5DA8 /* Debug */,
				F58584442CE7F5C2006D5DA8 /* Release */,
			);
			defaultConfigurationIsVisible = 0;
			defaultConfigurationName = Release;
		};
/* End XCConfigurationList section */
	};
	rootObject = F585840F2CE7F5C1006D5DA8 /* Project object */;
}
